// !$*UTF8*$!
{
	archiveVersion = 1;
	classes = {
	};
	objectVersion = 46;
	objects = {

/* Begin PBXBuildFile section */
		697952AE1B9E278C001BF4EC /* AppDelegate.swift in Sources */ = {isa = PBXBuildFile; fileRef = 697952AD1B9E278C001BF4EC /* AppDelegate.swift */; };
		697952B01B9E278C001BF4EC /* Images.xcassets in Resources */ = {isa = PBXBuildFile; fileRef = 697952AF1B9E278C001BF4EC /* Images.xcassets */; };
		697952B31B9E278C001BF4EC /* MainMenu.xib in Resources */ = {isa = PBXBuildFile; fileRef = 697952B11B9E278C001BF4EC /* MainMenu.xib */; };
		697952BF1B9E278C001BF4EC /* RGBWellTests.swift in Sources */ = {isa = PBXBuildFile; fileRef = 697952BE1B9E278C001BF4EC /* RGBWellTests.swift */; };
		697952C91B9E2D7B001BF4EC /* MainWindowController.swift in Sources */ = {isa = PBXBuildFile; fileRef = 697952C81B9E2D7B001BF4EC /* MainWindowController.swift */; };
		697952CB1B9E2DD3001BF4EC /* MainWindowController.xib in Resources */ = {isa = PBXBuildFile; fileRef = 697952CA1B9E2DD3001BF4EC /* MainWindowController.xib */; };
/* End PBXBuildFile section */

/* Begin PBXContainerItemProxy section */
		697952B91B9E278C001BF4EC /* PBXContainerItemProxy */ = {
			isa = PBXContainerItemProxy;
			containerPortal = 697952A01B9E278C001BF4EC /* Project object */;
			proxyType = 1;
			remoteGlobalIDString = 697952A71B9E278C001BF4EC;
			remoteInfo = RGBWell;
		};
/* End PBXContainerItemProxy section */

/* Begin PBXFileReference section */
		697952A81B9E278C001BF4EC /* RGBWell.app */ = {isa = PBXFileReference; explicitFileType = wrapper.application; includeInIndex = 0; path = RGBWell.app; sourceTree = BUILT_PRODUCTS_DIR; };
		697952AC1B9E278C001BF4EC /* Info.plist */ = {isa = PBXFileReference; lastKnownFileType = text.plist.xml; path = Info.plist; sourceTree = "<group>"; };
		697952AD1B9E278C001BF4EC /* AppDelegate.swift */ = {isa = PBXFileReference; lastKnownFileType = sourcecode.swift; path = AppDelegate.swift; sourceTree = "<group>"; };
		697952AF1B9E278C001BF4EC /* Images.xcassets */ = {isa = PBXFileReference; lastKnownFileType = folder.assetcatalog; path = Images.xcassets; sourceTree = "<group>"; };
		697952B21B9E278C001BF4EC /* Base */ = {isa = PBXFileReference; lastKnownFileType = file.xib; name = Base; path = Base.lproj/MainMenu.xib; sourceTree = "<group>"; };
		697952B81B9E278C001BF4EC /* RGBWellTests.xctest */ = {isa = PBXFileReference; explicitFileType = wrapper.cfbundle; includeInIndex = 0; path = RGBWellTests.xctest; sourceTree = BUILT_PRODUCTS_DIR; };
		697952BD1B9E278C001BF4EC /* Info.plist */ = {isa = PBXFileReference; lastKnownFileType = text.plist.xml; path = Info.plist; sourceTree = "<group>"; };
		697952BE1B9E278C001BF4EC /* RGBWellTests.swift */ = {isa = PBXFileReference; lastKnownFileType = sourcecode.swift; path = RGBWellTests.swift; sourceTree = "<group>"; };
		697952C81B9E2D7B001BF4EC /* MainWindowController.swift */ = {isa = PBXFileReference; fileEncoding = 4; lastKnownFileType = sourcecode.swift; path = MainWindowController.swift; sourceTree = "<group>"; };
		697952CA1B9E2DD3001BF4EC /* MainWindowController.xib */ = {isa = PBXFileReference; fileEncoding = 4; lastKnownFileType = file.xib; path = MainWindowController.xib; sourceTree = "<group>"; };
/* End PBXFileReference section */

/* Begin PBXFrameworksBuildPhase section */
		697952A51B9E278C001BF4EC /* Frameworks */ = {
			isa = PBXFrameworksBuildPhase;
			buildActionMask = 2147483647;
			files = (
			);
			runOnlyForDeploymentPostprocessing = 0;
		};
		697952B51B9E278C001BF4EC /* Frameworks */ = {
			isa = PBXFrameworksBuildPhase;
			buildActionMask = 2147483647;
			files = (
			);
			runOnlyForDeploymentPostprocessing = 0;
		};
/* End PBXFrameworksBuildPhase section */

/* Begin PBXGroup section */
		6979529F1B9E278C001BF4EC = {
			isa = PBXGroup;
			children = (
				697952AA1B9E278C001BF4EC /* RGBWell */,
				697952BB1B9E278C001BF4EC /* RGBWellTests */,
				697952A91B9E278C001BF4EC /* Products */,
			);
			sourceTree = "<group>";
		};
		697952A91B9E278C001BF4EC /* Products */ = {
			isa = PBXGroup;
			children = (
				697952A81B9E278C001BF4EC /* RGBWell.app */,
				697952B81B9E278C001BF4EC /* RGBWellTests.xctest */,
			);
			name = Products;
			sourceTree = "<group>";
		};
		697952AA1B9E278C001BF4EC /* RGBWell */ = {
			isa = PBXGroup;
			children = (
				697952AD1B9E278C001BF4EC /* AppDelegate.swift */,
				697952AF1B9E278C001BF4EC /* Images.xcassets */,
				697952B11B9E278C001BF4EC /* MainMenu.xib */,
				697952AB1B9E278C001BF4EC /* Supporting Files */,
				697952C81B9E2D7B001BF4EC /* MainWindowController.swift */,
				697952CA1B9E2DD3001BF4EC /* MainWindowController.xib */,
			);
			path = RGBWell;
			sourceTree = "<group>";
		};
		697952AB1B9E278C001BF4EC /* Supporting Files */ = {
			isa = PBXGroup;
			children = (
				697952AC1B9E278C001BF4EC /* Info.plist */,
			);
			name = "Supporting Files";
			sourceTree = "<group>";
		};
		697952BB1B9E278C001BF4EC /* RGBWellTests */ = {
			isa = PBXGroup;
			children = (
				697952BE1B9E278C001BF4EC /* RGBWellTests.swift */,
				697952BC1B9E278C001BF4EC /* Supporting Files */,
			);
			path = RGBWellTests;
			sourceTree = "<group>";
		};
		697952BC1B9E278C001BF4EC /* Supporting Files */ = {
			isa = PBXGroup;
			children = (
				697952BD1B9E278C001BF4EC /* Info.plist */,
			);
			name = "Supporting Files";
			sourceTree = "<group>";
		};
/* End PBXGroup section */

/* Begin PBXNativeTarget section */
		697952A71B9E278C001BF4EC /* RGBWell */ = {
			isa = PBXNativeTarget;
			buildConfigurationList = 697952C21B9E278C001BF4EC /* Build configuration list for PBXNativeTarget "RGBWell" */;
			buildPhases = (
				697952A41B9E278C001BF4EC /* Sources */,
				697952A51B9E278C001BF4EC /* Frameworks */,
				697952A61B9E278C001BF4EC /* Resources */,
			);
			buildRules = (
			);
			dependencies = (
			);
			name = RGBWell;
			productName = RGBWell;
			productReference = 697952A81B9E278C001BF4EC /* RGBWell.app */;
			productType = "com.apple.product-type.application";
		};
		697952B71B9E278C001BF4EC /* RGBWellTests */ = {
			isa = PBXNativeTarget;
			buildConfigurationList = 697952C51B9E278C001BF4EC /* Build configuration list for PBXNativeTarget "RGBWellTests" */;
			buildPhases = (
				697952B41B9E278C001BF4EC /* Sources */,
				697952B51B9E278C001BF4EC /* Frameworks */,
				697952B61B9E278C001BF4EC /* Resources */,
			);
			buildRules = (
			);
			dependencies = (
				697952BA1B9E278C001BF4EC /* PBXTargetDependency */,
			);
			name = RGBWellTests;
			productName = RGBWellTests;
			productReference = 697952B81B9E278C001BF4EC /* RGBWellTests.xctest */;
			productType = "com.apple.product-type.bundle.unit-test";
		};
/* End PBXNativeTarget section */

/* Begin PBXProject section */
		697952A01B9E278C001BF4EC /* Project object */ = {
			isa = PBXProject;
			attributes = {
				LastUpgradeCheck = 0640;
				ORGANIZATIONNAME = "Stephen Skubik-Peplaski";
				TargetAttributes = {
					697952A71B9E278C001BF4EC = {
						CreatedOnToolsVersion = 6.4;
					};
					697952B71B9E278C001BF4EC = {
						CreatedOnToolsVersion = 6.4;
						TestTargetID = 697952A71B9E278C001BF4EC;
					};
				};
			};
			buildConfigurationList = 697952A31B9E278C001BF4EC /* Build configuration list for PBXProject "RGBWell" */;
			compatibilityVersion = "Xcode 3.2";
			developmentRegion = English;
			hasScannedForEncodings = 0;
			knownRegions = (
				en,
				Base,
			);
			mainGroup = 6979529F1B9E278C001BF4EC;
			productRefGroup = 697952A91B9E278C001BF4EC /* Products */;
			projectDirPath = "";
			projectRoot = "";
			targets = (
				697952A71B9E278C001BF4EC /* RGBWell */,
				697952B71B9E278C001BF4EC /* RGBWellTests */,
			);
		};
/* End PBXProject section */

/* Begin PBXResourcesBuildPhase section */
		697952A61B9E278C001BF4EC /* Resources */ = {
			isa = PBXResourcesBuildPhase;
			buildActionMask = 2147483647;
			files = (
				697952B01B9E278C001BF4EC /* Images.xcassets in Resources */,
				697952CB1B9E2DD3001BF4EC /* MainWindowController.xib in Resources */,
				697952B31B9E278C001BF4EC /* MainMenu.xib in Resources */,
			);
			runOnlyForDeploymentPostprocessing = 0;
		};
		697952B61B9E278C001BF4EC /* Resources */ = {
			isa = PBXResourcesBuildPhase;
			buildActionMask = 2147483647;
			files = (
			);
			runOnlyForDeploymentPostprocessing = 0;
		};
/* End PBXResourcesBuildPhase section */

/* Begin PBXSourcesBuildPhase section */
		697952A41B9E278C001BF4EC /* Sources */ = {
			isa = PBXSourcesBuildPhase;
			buildActionMask = 2147483647;
			files = (
				697952C91B9E2D7B001BF4EC /* MainWindowController.swift in Sources */,
				697952AE1B9E278C001BF4EC /* AppDelegate.swift in Sources */,
			);
			runOnlyForDeploymentPostprocessing = 0;
		};
		697952B41B9E278C001BF4EC /* Sources */ = {
			isa = PBXSourcesBuildPhase;
			buildActionMask = 2147483647;
			files = (
				697952BF1B9E278C001BF4EC /* RGBWellTests.swift in Sources */,
			);
			runOnlyForDeploymentPostprocessing = 0;
		};
/* End PBXSourcesBuildPhase section */

/* Begin PBXTargetDependency section */
		697952BA1B9E278C001BF4EC /* PBXTargetDependency */ = {
			isa = PBXTargetDependency;
			target = 697952A71B9E278C001BF4EC /* RGBWell */;
			targetProxy = 697952B91B9E278C001BF4EC /* PBXContainerItemProxy */;
		};
/* End PBXTargetDependency section */

/* Begin PBXVariantGroup section */
		697952B11B9E278C001BF4EC /* MainMenu.xib */ = {
			isa = PBXVariantGroup;
			children = (
				697952B21B9E278C001BF4EC /* Base */,
			);
			name = MainMenu.xib;
			sourceTree = "<group>";
		};
/* End PBXVariantGroup section */

/* Begin XCBuildConfiguration section */
		697952C01B9E278C001BF4EC /* Debug */ = {
			isa = XCBuildConfiguration;
			buildSettings = {
				ALWAYS_SEARCH_USER_PATHS = NO;
				CLANG_CXX_LANGUAGE_STANDARD = "gnu++0x";
				CLANG_CXX_LIBRARY = "libc++";
				CLANG_ENABLE_MODULES = YES;
				CLANG_ENABLE_OBJC_ARC = YES;
				CLANG_WARN_BOOL_CONVERSION = YES;
				CLANG_WARN_CONSTANT_CONVERSION = YES;
				CLANG_WARN_DIRECT_OBJC_ISA_USAGE = YES_ERROR;
				CLANG_WARN_EMPTY_BODY = YES;
				CLANG_WARN_ENUM_CONVERSION = YES;
				CLANG_WARN_INT_CONVERSION = YES;
				CLANG_WARN_OBJC_ROOT_CLASS = YES_ERROR;
				CLANG_WARN_UNREACHABLE_CODE = YES;
				CLANG_WARN__DUPLICATE_METHOD_MATCH = YES;
				CODE_SIGN_IDENTITY = "-";
				COPY_PHASE_STRIP = NO;
				DEBUG_INFORMATION_FORMAT = dwarf;
				ENABLE_STRICT_OBJC_MSGSEND = YES;
				GCC_C_LANGUAGE_STANDARD = gnu99;
				GCC_DYNAMIC_NO_PIC = NO;
				GCC_NO_COMMON_BLOCKS = YES;
				GCC_OPTIMIZATION_LEVEL = 0;
				GCC_PREPROCESSOR_DEFINITIONS = (
					"DEBUG=1",
					"$(inherited)",
				);
				GCC_SYMBOLS_PRIVATE_EXTERN = NO;
				GCC_WARN_64_TO_32_BIT_CONVERSION = YES;
				GCC_WARN_ABOUT_RETURN_TYPE = YES_ERROR;
				GCC_WARN_UNDECLARED_SELECTOR = YES;
				GCC_WARN_UNINITIALIZED_AUTOS = YES_AGGRESSIVE;
				GCC_WARN_UNUSED_FUNCTION = YES;
				GCC_WARN_UNUSED_VARIABLE = YES;
				MACOSX_DEPLOYMENT_TARGET = 10.10;
				MTL_ENABLE_DEBUG_INFO = YES;
				ONLY_ACTIVE_ARCH = YES;
				SDKROOT = macosx;
				SWIFT_OPTIMIZATION_LEVEL = "-Onone";
			};
			name = Debug;
		};
		697952C11B9E278C001BF4EC /* Release */ = {
			isa = XCBuildConfiguration;
			buildSettings = {
				ALWAYS_SEARCH_USER_PATHS = NO;
				CLANG_CXX_LANGUAGE_STANDARD = "gnu++0x";
				CLANG_CXX_LIBRARY = "libc++";
				CLANG_ENABLE_MODULES = YES;
				CLANG_ENABLE_OBJC_ARC = YES;
				CLANG_WARN_BOOL_CONVERSION = YES;
				CLANG_WARN_CONSTANT_CONVERSION = YES;
				CLANG_WARN_DIRECT_OBJC_ISA_USAGE = YES_ERROR;
				CLANG_WARN_EMPTY_BODY = YES;
				CLANG_WARN_ENUM_CONVERSION = YES;
				CLANG_WARN_INT_CONVERSION = YES;
				CLANG_WARN_OBJC_ROOT_CLASS = YES_ERROR;
				CLANG_WARN_UNREACHABLE_CODE = YES;
				CLANG_WARN__DUPLICATE_METHOD_MATCH = YES;
				CODE_SIGN_IDENTITY = "-";
				COPY_PHASE_STRIP = NO;
				DEBUG_INFORMATION_FORMAT = "dwarf-with-dsym";
				ENABLE_NS_ASSERTIONS = NO;
				ENABLE_STRICT_OBJC_MSGSEND = YES;
				GCC_C_LANGUAGE_STANDARD = gnu99;
				GCC_NO_COMMON_BLOCKS = YES;
				GCC_WARN_64_TO_32_BIT_CONVERSION = YES;
				GCC_WARN_ABOUT_RETURN_TYPE = YES_ERROR;
				GCC_WARN_UNDECLARED_SELECTOR = YES;
				GCC_WARN_UNINITIALIZED_AUTOS = YES_AGGRESSIVE;
				GCC_WARN_UNUSED_FUNCTION = YES;
				GCC_WARN_UNUSED_VARIABLE = YES;
				MACOSX_DEPLOYMENT_TARGET = 10.10;
				MTL_ENABLE_DEBUG_INFO = NO;
				SDKROOT = macosx;
			};
			name = Release;
		};
		697952C31B9E278C001BF4EC /* Debug */ = {
			isa = XCBuildConfiguration;
			buildSettings = {
				ASSETCATALOG_COMPILER_APPICON_NAME = AppIcon;
				COMBINE_HIDPI_IMAGES = YES;
				INFOPLIST_FILE = RGBWell/Info.plist;
				LD_RUNPATH_SEARCH_PATHS = "$(inherited) @executable_path/../Frameworks";
				PRODUCT_NAME = "$(TARGET_NAME)";
			};
			name = Debug;
		};
		697952C41B9E278C001BF4EC /* Release */ = {
			isa = XCBuildConfiguration;
			buildSettings = {
				ASSETCATALOG_COMPILER_APPICON_NAME = AppIcon;
				COMBINE_HIDPI_IMAGES = YES;
				INFOPLIST_FILE = RGBWell/Info.plist;
				LD_RUNPATH_SEARCH_PATHS = "$(inherited) @executable_path/../Frameworks";
				PRODUCT_NAME = "$(TARGET_NAME)";
			};
			name = Release;
		};
		697952C61B9E278C001BF4EC /* Debug */ = {
			isa = XCBuildConfiguration;
			buildSettings = {
				BUNDLE_LOADER = "$(TEST_HOST)";
				COMBINE_HIDPI_IMAGES = YES;
				FRAMEWORK_SEARCH_PATHS = (
					"$(DEVELOPER_FRAMEWORKS_DIR)",
					"$(inherited)",
				);
				GCC_PREPROCESSOR_DEFINITIONS = (
					"DEBUG=1",
					"$(inherited)",
				);
				INFOPLIST_FILE = RGBWellTests/Info.plist;
				LD_RUNPATH_SEARCH_PATHS = "$(inherited) @executable_path/../Frameworks @loader_path/../Frameworks";
				PRODUCT_NAME = "$(TARGET_NAME)";
				TEST_HOST = "$(BUILT_PRODUCTS_DIR)/RGBWell.app/Contents/MacOS/RGBWell";
			};
			name = Debug;
		};
		697952C71B9E278C001BF4EC /* Release */ = {
			isa = XCBuildConfiguration;
			buildSettings = {
				BUNDLE_LOADER = "$(TEST_HOST)";
				COMBINE_HIDPI_IMAGES = YES;
				FRAMEWORK_SEARCH_PATHS = (
					"$(DEVELOPER_FRAMEWORKS_DIR)",
					"$(inherited)",
				);
				INFOPLIST_FILE = RGBWellTests/Info.plist;
				LD_RUNPATH_SEARCH_PATHS = "$(inherited) @executable_path/../Frameworks @loader_path/../Frameworks";
				PRODUCT_NAME = "$(TARGET_NAME)";
				TEST_HOST = "$(BUILT_PRODUCTS_DIR)/RGBWell.app/Contents/MacOS/RGBWell";
			};
			name = Release;
		};
/* End XCBuildConfiguration section */

/* Begin XCConfigurationList section */
		697952A31B9E278C001BF4EC /* Build configuration list for PBXProject "RGBWell" */ = {
			isa = XCConfigurationList;
			buildConfigurations = (
				697952C01B9E278C001BF4EC /* Debug */,
				697952C11B9E278C001BF4EC /* Release */,
			);
			defaultConfigurationIsVisible = 0;
			defaultConfigurationName = Release;
		};
		697952C21B9E278C001BF4EC /* Build configuration list for PBXNativeTarget "RGBWell" */ = {
			isa = XCConfigurationList;
			buildConfigurations = (
				697952C31B9E278C001BF4EC /* Debug */,
				697952C41B9E278C001BF4EC /* Release */,
			);
			defaultConfigurationIsVisible = 0;
		};
		697952C51B9E278C001BF4EC /* Build configuration list for PBXNativeTarget "RGBWellTests" */ = {
			isa = XCConfigurationList;
			buildConfigurations = (
				697952C61B9E278C001BF4EC /* Debug */,
				697952C71B9E278C001BF4EC /* Release */,
			);
			defaultConfigurationIsVisible = 0;
		};
/* End XCConfigurationList section */
	};
	rootObject = 697952A01B9E278C001BF4EC /* Project object */;
}
